
Microsoft Visual Studio Solution File, Format Version 12.00
# Visual Studio Version 16
VisualStudioVersion = 16.0.30611.23
MinimumVisualStudioVersion = 10.0.40219.1
Project("{FAE04EC0-301F-11D3-BF4B-00C04F79EFBC}") = "laboratorio15.Android", "laboratorio15\laboratorio15.Android\laboratorio15.Android.csproj", "{B61228AA-2DF8-4D9F-922D-E2856A18DDAB}"
EndProject
Project("{FAE04EC0-301F-11D3-BF4B-00C04F79EFBC}") = "laboratorio15.iOS", "laboratorio15\laboratorio15.iOS\laboratorio15.iOS.csproj", "{286F0C2B-8640-4950-A83C-657D45551E15}"
EndProject
Project("{FAE04EC0-301F-11D3-BF4B-00C04F79EFBC}") = "laboratorio15", "laboratorio15\laboratorio15\laboratorio15.csproj", "{2607B96A-9095-4CA6-8EC8-303FB468344D}"
EndProject
Global
	GlobalSection(SolutionConfigurationPlatforms) = preSolution
		Debug|Any CPU = Debug|Any CPU
		Debug|iPhone = Debug|iPhone
		Debug|iPhoneSimulator = Debug|iPhoneSimulator
		Release|Any CPU = Release|Any CPU
		Release|iPhone = Release|iPhone
		Release|iPhoneSimulator = Release|iPhoneSimulator
	EndGlobalSection
	GlobalSection(ProjectConfigurationPlatforms) = postSolution
		{B61228AA-2DF8-4D9F-922D-E2856A18DDAB}.Debug|Any CPU.ActiveCfg = Debug|Any CPU
		{B61228AA-2DF8-4D9F-922D-E2856A18DDAB}.Debug|Any CPU.Build.0 = Debug|Any CPU
		{B61228AA-2DF8-4D9F-922D-E2856A18DDAB}.Debug|Any CPU.Deploy.0 = Debug|Any CPU
		{B61228AA-2DF8-4D9F-922D-E2856A18DDAB}.Debug|iPhone.ActiveCfg = Debug|Any CPU
		{B61228AA-2DF8-4D9F-922D-E2856A18DDAB}.Debug|iPhone.Build.0 = Debug|Any CPU
		{B61228AA-2DF8-4D9F-922D-E2856A18DDAB}.Debug|iPhone.Deploy.0 = Debug|Any CPU
		{B61228AA-2DF8-4D9F-922D-E2856A18DDAB}.Debug|iPhoneSimulator.ActiveCfg = Debug|Any CPU
		{B61228AA-2DF8-4D9F-922D-E2856A18DDAB}.Debug|iPhoneSimulator.Build.0 = Debug|Any CPU
		{B61228AA-2DF8-4D9F-922D-E2856A18DDAB}.Debug|iPhoneSimulator.Deploy.0 = Debug|Any CPU
		{B61228AA-2DF8-4D9F-922D-E2856A18DDAB}.Release|Any CPU.ActiveCfg = Release|Any CPU
		{B61228AA-2DF8-4D9F-922D-E2856A18DDAB}.Release|Any CPU.Build.0 = Release|Any CPU
		{B61228AA-2DF8-4D9F-922D-E2856A18DDAB}.Release|Any CPU.Deploy.0 = Release|Any CPU
		{B61228AA-2DF8-4D9F-922D-E2856A18DDAB}.Release|iPhone.ActiveCfg = Release|Any CPU
		{B61228AA-2DF8-4D9F-922D-E2856A18DDAB}.Release|iPhone.Build.0 = Release|Any CPU
		{B61228AA-2DF8-4D9F-922D-E2856A18DDAB}.Release|iPhone.Deploy.0 = Release|Any CPU
		{B61228AA-2DF8-4D9F-922D-E2856A18DDAB}.Release|iPhoneSimulator.ActiveCfg = Release|Any CPU
		{B61228AA-2DF8-4D9F-922D-E2856A18DDAB}.Release|iPhoneSimulator.Build.0 = Release|Any CPU
		{B61228AA-2DF8-4D9F-922D-E2856A18DDAB}.Release|iPhoneSimulator.Deploy.0 = Release|Any CPU
		{286F0C2B-8640-4950-A83C-657D45551E15}.Debug|Any CPU.ActiveCfg = Debug|iPhone
		{286F0C2B-8640-4950-A83C-657D45551E15}.Debug|Any CPU.Build.0 = Debug|iPhone
		{286F0C2B-8640-4950-A83C-657D45551E15}.Debug|Any CPU.Deploy.0 = Debug|iPhone
		{286F0C2B-8640-4950-A83C-657D45551E15}.Debug|iPhone.ActiveCfg = Debug|iPhone
		{286F0C2B-8640-4950-A83C-657D45551E15}.Debug|iPhone.Build.0 = Debug|iPhone
		{286F0C2B-8640-4950-A83C-657D45551E15}.Debug|iPhone.Deploy.0 = Debug|iPhone
		{286F0C2B-8640-4950-A83C-657D45551E15}.Debug|iPhoneSimulator.ActiveCfg = Debug|iPhoneSimulator
		{286F0C2B-8640-4950-A83C-657D45551E15}.Debug|iPhoneSimulator.Build.0 = Debug|iPhoneSimulator
		{286F0C2B-8640-4950-A83C-657D45551E15}.Debug|iPhoneSimulator.Deploy.0 = Debug|iPhoneSimulator
		{286F0C2B-8640-4950-A83C-657D45551E15}.Release|Any CPU.ActiveCfg = Release|iPhoneSimulator
		{286F0C2B-8640-4950-A83C-657D45551E15}.Release|Any CPU.Build.0 = Release|iPhoneSimulator
		{286F0C2B-8640-4950-A83C-657D45551E15}.Release|Any CPU.Deploy.0 = Release|iPhoneSimulator
		{286F0C2B-8640-4950-A83C-657D45551E15}.Release|iPhone.ActiveCfg = Release|iPhone
		{286F0C2B-8640-4950-A83C-657D45551E15}.Release|iPhone.Build.0 = Release|iPhone
		{286F0C2B-8640-4950-A83C-657D45551E15}.Release|iPhone.Deploy.0 = Release|iPhone
		{286F0C2B-8640-4950-A83C-657D45551E15}.Release|iPhoneSimulator.ActiveCfg = Release|iPhoneSimulator
		{286F0C2B-8640-4950-A83C-657D45551E15}.Release|iPhoneSimulator.Build.0 = Release|iPhoneSimulator
		{286F0C2B-8640-4950-A83C-657D45551E15}.Release|iPhoneSimulator.Deploy.0 = Release|iPhoneSimulator
		{2607B96A-9095-4CA6-8EC8-303FB468344D}.Debug|Any CPU.ActiveCfg = Debug|Any CPU
		{2607B96A-9095-4CA6-8EC8-303FB468344D}.Debug|Any CPU.Build.0 = Debug|Any CPU
		{2607B96A-9095-4CA6-8EC8-303FB468344D}.Debug|Any CPU.Deploy.0 = Debug|Any CPU
		{2607B96A-9095-4CA6-8EC8-303FB468344D}.Debug|iPhone.ActiveCfg = Debug|Any CPU
		{2607B96A-9095-4CA6-8EC8-303FB468344D}.Debug|iPhone.Build.0 = Debug|Any CPU
		{2607B96A-9095-4CA6-8EC8-303FB468344D}.Debug|iPhone.Deploy.0 = Debug|Any CPU
		{2607B96A-9095-4CA6-8EC8-303FB468344D}.Debug|iPhoneSimulator.ActiveCfg = Debug|Any CPU
		{2607B96A-9095-4CA6-8EC8-303FB468344D}.Debug|iPhoneSimulator.Build.0 = Debug|Any CPU
		{2607B96A-9095-4CA6-8EC8-303FB468344D}.Debug|iPhoneSimulator.Deploy.0 = Debug|Any CPU
		{2607B96A-9095-4CA6-8EC8-303FB468344D}.Release|Any CPU.ActiveCfg = Release|Any CPU
		{2607B96A-9095-4CA6-8EC8-303FB468344D}.Release|Any CPU.Build.0 = Release|Any CPU
		{2607B96A-9095-4CA6-8EC8-303FB468344D}.Release|Any CPU.Deploy.0 = Release|Any CPU
		{2607B96A-9095-4CA6-8EC8-303FB468344D}.Release|iPhone.ActiveCfg = Release|Any CPU
		{2607B96A-9095-4CA6-8EC8-303FB468344D}.Release|iPhone.Build.0 = Release|Any CPU
		{2607B96A-9095-4CA6-8EC8-303FB468344D}.Release|iPhone.Deploy.0 = Release|Any CPU
		{2607B96A-9095-4CA6-8EC8-303FB468344D}.Release|iPhoneSimulator.ActiveCfg = Release|Any CPU
		{2607B96A-9095-4CA6-8EC8-303FB468344D}.Release|iPhoneSimulator.Build.0 = Release|Any CPU
		{2607B96A-9095-4CA6-8EC8-303FB468344D}.Release|iPhoneSimulator.Deploy.0 = Release|Any CPU
	EndGlobalSection
	GlobalSection(SolutionProperties) = preSolution
		HideSolutionNode = FALSE
	EndGlobalSection
	GlobalSection(ExtensibilityGlobals) = postSolution
		SolutionGuid = {C793113C-74F3-42BE-B4C8-7373B16F3C95}
	EndGlobalSection
EndGlobal
